// !$*UTF8*$!
{
	archiveVersion = 1;
	classes = {
	};
	objectVersion = 46;
	objects = {

/* Begin PBXBuildFile section */
		1AFE6C031F20D13A00EF5DE8 /* AppDelegate.swift in Sources */ = {isa = PBXBuildFile; fileRef = 1AFE6C021F20D13A00EF5DE8 /* AppDelegate.swift */; };
		1AFE6C051F20D13A00EF5DE8 /* ViewController.swift in Sources */ = {isa = PBXBuildFile; fileRef = 1AFE6C041F20D13A00EF5DE8 /* ViewController.swift */; };
		1AFE6C081F20D13A00EF5DE8 /* Main.storyboard in Resources */ = {isa = PBXBuildFile; fileRef = 1AFE6C061F20D13A00EF5DE8 /* Main.storyboard */; };
		1AFE6C0A1F20D13A00EF5DE8 /* Assets.xcassets in Resources */ = {isa = PBXBuildFile; fileRef = 1AFE6C091F20D13A00EF5DE8 /* Assets.xcassets */; };
		1AFE6C0D1F20D13A00EF5DE8 /* LaunchScreen.storyboard in Resources */ = {isa = PBXBuildFile; fileRef = 1AFE6C0B1F20D13A00EF5DE8 /* LaunchScreen.storyboard */; };
		1AFE6C151F20D24400EF5DE8 /* DEPhoneNumberFormatter.swift in Sources */ = {isa = PBXBuildFile; fileRef = 1AFE6C141F20D24400EF5DE8 /* DEPhoneNumberFormatter.swift */; };
/* End PBXBuildFile section */

/* Begin PBXFileReference section */
		1AFE6BFF1F20D13A00EF5DE8 /* DEPhoneNumberFormatter.app */ = {isa = PBXFileReference; explicitFileType = wrapper.application; includeInIndex = 0; path = DEPhoneNumberFormatter.app; sourceTree = BUILT_PRODUCTS_DIR; };
		1AFE6C021F20D13A00EF5DE8 /* AppDelegate.swift */ = {isa = PBXFileReference; lastKnownFileType = sourcecode.swift; path = AppDelegate.swift; sourceTree = "<group>"; };
		1AFE6C041F20D13A00EF5DE8 /* ViewController.swift */ = {isa = PBXFileReference; lastKnownFileType = sourcecode.swift; path = ViewController.swift; sourceTree = "<group>"; };
		1AFE6C071F20D13A00EF5DE8 /* Base */ = {isa = PBXFileReference; lastKnownFileType = file.storyboard; name = Base; path = Base.lproj/Main.storyboard; sourceTree = "<group>"; };
		1AFE6C091F20D13A00EF5DE8 /* Assets.xcassets */ = {isa = PBXFileReference; lastKnownFileType = folder.assetcatalog; path = Assets.xcassets; sourceTree = "<group>"; };
		1AFE6C0C1F20D13A00EF5DE8 /* Base */ = {isa = PBXFileReference; lastKnownFileType = file.storyboard; name = Base; path = Base.lproj/LaunchScreen.storyboard; sourceTree = "<group>"; };
		1AFE6C0E1F20D13A00EF5DE8 /* Info.plist */ = {isa = PBXFileReference; lastKnownFileType = text.plist.xml; path = Info.plist; sourceTree = "<group>"; };
		1AFE6C141F20D24400EF5DE8 /* DEPhoneNumberFormatter.swift */ = {isa = PBXFileReference; fileEncoding = 4; lastKnownFileType = sourcecode.swift; path = DEPhoneNumberFormatter.swift; sourceTree = SOURCE_ROOT; };
/* End PBXFileReference section */

/* Begin PBXFrameworksBuildPhase section */
		1AFE6BFC1F20D13900EF5DE8 /* Frameworks */ = {
			isa = PBXFrameworksBuildPhase;
			buildActionMask = 2147483647;
			files = (
			);
			runOnlyForDeploymentPostprocessing = 0;
		};
/* End PBXFrameworksBuildPhase section */

/* Begin PBXGroup section */
		1AFE6BF61F20D13900EF5DE8 = {
			isa = PBXGroup;
			children = (
				1AFE6C011F20D13A00EF5DE8 /* DEPhoneNumberFormatter */,
				1AFE6C001F20D13A00EF5DE8 /* Products */,
			);
			sourceTree = "<group>";
		};
		1AFE6C001F20D13A00EF5DE8 /* Products */ = {
			isa = PBXGroup;
			children = (
				1AFE6BFF1F20D13A00EF5DE8 /* DEPhoneNumberFormatter.app */,
			);
			name = Products;
			sourceTree = "<group>";
		};
		1AFE6C011F20D13A00EF5DE8 /* DEPhoneNumberFormatter */ = {
			isa = PBXGroup;
			children = (
				1AFE6C141F20D24400EF5DE8 /* DEPhoneNumberFormatter.swift */,
				1AFE6C021F20D13A00EF5DE8 /* AppDelegate.swift */,
				1AFE6C041F20D13A00EF5DE8 /* ViewController.swift */,
				1AFE6C061F20D13A00EF5DE8 /* Main.storyboard */,
				1AFE6C091F20D13A00EF5DE8 /* Assets.xcassets */,
				1AFE6C0B1F20D13A00EF5DE8 /* LaunchScreen.storyboard */,
				1AFE6C0E1F20D13A00EF5DE8 /* Info.plist */,
			);
			path = DEPhoneNumberFormatter;
			sourceTree = "<group>";
		};
/* End PBXGroup section */

/* Begin PBXNativeTarget section */
		1AFE6BFE1F20D13900EF5DE8 /* DEPhoneNumberFormatter */ = {
			isa = PBXNativeTarget;
			buildConfigurationList = 1AFE6C111F20D13A00EF5DE8 /* Build configuration list for PBXNativeTarget "DEPhoneNumberFormatter" */;
			buildPhases = (
				1AFE6BFB1F20D13900EF5DE8 /* Sources */,
				1AFE6BFC1F20D13900EF5DE8 /* Frameworks */,
				1AFE6BFD1F20D13900EF5DE8 /* Resources */,
			);
			buildRules = (
			);
			dependencies = (
			);
			name = DEPhoneNumberFormatter;
			productName = DEPhoneNumberFormatter;
			productReference = 1AFE6BFF1F20D13A00EF5DE8 /* DEPhoneNumberFormatter.app */;
			productType = "com.apple.product-type.application";
		};
/* End PBXNativeTarget section */

/* Begin PBXProject section */
		1AFE6BF71F20D13900EF5DE8 /* Project object */ = {
			isa = PBXProject;
			attributes = {
				LastSwiftUpdateCheck = 0820;
				LastUpgradeCheck = 0820;
				ORGANIZATIONNAME = Golyash;
				TargetAttributes = {
					1AFE6BFE1F20D13900EF5DE8 = {
						CreatedOnToolsVersion = 8.2.1;
						LastSwiftMigration = 0820;
						ProvisioningStyle = Automatic;
					};
				};
			};
			buildConfigurationList = 1AFE6BFA1F20D13900EF5DE8 /* Build configuration list for PBXProject "DEPhoneNumberFormatter" */;
			compatibilityVersion = "Xcode 3.2";
			developmentRegion = English;
			hasScannedForEncodings = 0;
			knownRegions = (
				en,
				Base,
			);
			mainGroup = 1AFE6BF61F20D13900EF5DE8;
			productRefGroup = 1AFE6C001F20D13A00EF5DE8 /* Products */;
			projectDirPath = "";
			projectRoot = "";
			targets = (
				1AFE6BFE1F20D13900EF5DE8 /* DEPhoneNumberFormatter */,
			);
		};
/* End PBXProject section */

/* Begin PBXResourcesBuildPhase section */
		1AFE6BFD1F20D13900EF5DE8 /* Resources */ = {
			isa = PBXResourcesBuildPhase;
			buildActionMask = 2147483647;
			files = (
				1AFE6C0D1F20D13A00EF5DE8 /* LaunchScreen.storyboard in Resources */,
				1AFE6C0A1F20D13A00EF5DE8 /* Assets.xcassets in Resources */,
				1AFE6C081F20D13A00EF5DE8 /* Main.storyboard in Resources */,
			);
			runOnlyForDeploymentPostprocessing = 0;
		};
/* End PBXResourcesBuildPhase section */

/* Begin PBXSourcesBuildPhase section */
		1AFE6BFB1F20D13900EF5DE8 /* Sources */ = {
			isa = PBXSourcesBuildPhase;
			buildActionMask = 2147483647;
			files = (
				1AFE6C051F20D13A00EF5DE8 /* ViewController.swift in Sources */,
				1AFE6C031F20D13A00EF5DE8 /* AppDelegate.swift in Sources */,
				1AFE6C151F20D24400EF5DE8 /* DEPhoneNumberFormatter.swift in Sources */,
			);
			runOnlyForDeploymentPostprocessing = 0;
		};
/* End PBXSourcesBuildPhase section */

/* Begin PBXVariantGroup section */
		1AFE6C061F20D13A00EF5DE8 /* Main.storyboard */ = {
			isa = PBXVariantGroup;
			children = (
				1AFE6C071F20D13A00EF5DE8 /* Base */,
			);
			name = Main.storyboard;
			sourceTree = "<group>";
		};
		1AFE6C0B1F20D13A00EF5DE8 /* LaunchScreen.storyboard */ = {
			isa = PBXVariantGroup;
			children = (
				1AFE6C0C1F20D13A00EF5DE8 /* Base */,
			);
			name = LaunchScreen.storyboard;
			sourceTree = "<group>";
		};
/* End PBXVariantGroup section */

/* Begin XCBuildConfiguration section */
		1AFE6C0F1F20D13A00EF5DE8 /* Debug */ = {
			isa = XCBuildConfiguration;
			buildSettings = {
				ALWAYS_SEARCH_USER_PATHS = NO;
				CLANG_ANALYZER_NONNULL = YES;
				CLANG_CXX_LANGUAGE_STANDARD = "gnu++0x";
				CLANG_CXX_LIBRARY = "libc++";
				CLANG_ENABLE_MODULES = YES;
				CLANG_ENABLE_OBJC_ARC = YES;
				CLANG_WARN_BOOL_CONVERSION = YES;
				CLANG_WARN_CONSTANT_CONVERSION = YES;
				CLANG_WARN_DIRECT_OBJC_ISA_USAGE = YES_ERROR;
				CLANG_WARN_DOCUMENTATION_COMMENTS = YES;
				CLANG_WARN_EMPTY_BODY = YES;
				CLANG_WARN_ENUM_CONVERSION = YES;
				CLANG_WARN_INFINITE_RECURSION = YES;
				CLANG_WARN_INT_CONVERSION = YES;
				CLANG_WARN_OBJC_ROOT_CLASS = YES_ERROR;
				CLANG_WARN_SUSPICIOUS_MOVE = YES;
				CLANG_WARN_UNREACHABLE_CODE = YES;
				CLANG_WARN__DUPLICATE_METHOD_MATCH = YES;
				"CODE_SIGN_IDENTITY[sdk=iphoneos*]" = "iPhone Developer";
				COPY_PHASE_STRIP = NO;
				DEBUG_INFORMATION_FORMAT = dwarf;
				ENABLE_STRICT_OBJC_MSGSEND = YES;
				ENABLE_TESTABILITY = YES;
				GCC_C_LANGUAGE_STANDARD = gnu99;
				GCC_DYNAMIC_NO_PIC = NO;
				GCC_NO_COMMON_BLOCKS = YES;
				GCC_OPTIMIZATION_LEVEL = 0;
				GCC_PREPROCESSOR_DEFINITIONS = (
					"DEBUG=1",
					"$(inherited)",
				);
				GCC_WARN_64_TO_32_BIT_CONVERSION = YES;
				GCC_WARN_ABOUT_RETURN_TYPE = YES_ERROR;
				GCC_WARN_UNDECLARED_SELECTOR = YES;
				GCC_WARN_UNINITIALIZED_AUTOS = YES_AGGRESSIVE;
				GCC_WARN_UNUSED_FUNCTION = YES;
				GCC_WARN_UNUSED_VARIABLE = YES;
				IPHONEOS_DEPLOYMENT_TARGET = 10.2;
				MTL_ENABLE_DEBUG_INFO = YES;
				ONLY_ACTIVE_ARCH = YES;
				SDKROOT = iphoneos;
				SWIFT_ACTIVE_COMPILATION_CONDITIONS = DEBUG;
				SWIFT_OPTIMIZATION_LEVEL = "-Onone";
			};
			name = Debug;
		};
		1AFE6C101F20D13A00EF5DE8 /* Release */ = {
			isa = XCBuildConfiguration;
			buildSettings = {
				ALWAYS_SEARCH_USER_PATHS = NO;
				CLANG_ANALYZER_NONNULL = YES;
				CLANG_CXX_LANGUAGE_STANDARD = "gnu++0x";
				CLANG_CXX_LIBRARY = "libc++";
				CLANG_ENABLE_MODULES = YES;
				CLANG_ENABLE_OBJC_ARC = YES;
				CLANG_WARN_BOOL_CONVERSION = YES;
				CLANG_WARN_CONSTANT_CONVERSION = YES;
				CLANG_WARN_DIRECT_OBJC_ISA_USAGE = YES_ERROR;
				CLANG_WARN_DOCUMENTATION_COMMENTS = YES;
				CLANG_WARN_EMPTY_BODY = YES;
				CLANG_WARN_ENUM_CONVERSION = YES;
				CLANG_WARN_INFINITE_RECURSION = YES;
				CLANG_WARN_INT_CONVERSION = YES;
				CLANG_WARN_OBJC_ROOT_CLASS = YES_ERROR;
				CLANG_WARN_SUSPICIOUS_MOVE = YES;
				CLANG_WARN_UNREACHABLE_CODE = YES;
				CLANG_WARN__DUPLICATE_METHOD_MATCH = YES;
				"CODE_SIGN_IDENTITY[sdk=iphoneos*]" = "iPhone Developer";
				COPY_PHASE_STRIP = NO;
				DEBUG_INFORMATION_FORMAT = "dwarf-with-dsym";
				ENABLE_NS_ASSERTIONS = NO;
				ENABLE_STRICT_OBJC_MSGSEND = YES;
				GCC_C_LANGUAGE_STANDARD = gnu99;
				GCC_NO_COMMON_BLOCKS = YES;
				GCC_WARN_64_TO_32_BIT_CONVERSION = YES;
				GCC_WARN_ABOUT_RETURN_TYPE = YES_ERROR;
				GCC_WARN_UNDECLARED_SELECTOR = YES;
				GCC_WARN_UNINITIALIZED_AUTOS = YES_AGGRESSIVE;
				GCC_WARN_UNUSED_FUNCTION = YES;
				GCC_WARN_UNUSED_VARIABLE = YES;
				IPHONEOS_DEPLOYMENT_TARGET = 10.2;
				MTL_ENABLE_DEBUG_INFO = NO;
				SDKROOT = iphoneos;
				SWIFT_OPTIMIZATION_LEVEL = "-Owholemodule";
				VALIDATE_PRODUCT = YES;
			};
			name = Release;
		};
		1AFE6C121F20D13A00EF5DE8 /* Debug */ = {
			isa = XCBuildConfiguration;
			buildSettings = {
				ASSETCATALOG_COMPILER_APPICON_NAME = AppIcon;
				INFOPLIST_FILE = DEPhoneNumberFormatter/Info.plist;
				LD_RUNPATH_SEARCH_PATHS = "$(inherited) @executable_path/Frameworks";
				PRODUCT_BUNDLE_IDENTIFIER = com.golyash.DEPhoneNumberFormatter;
				PRODUCT_NAME = "$(TARGET_NAME)";
				SWIFT_VERSION = 3.0;
			};
			name = Debug;
		};
		1AFE6C131F20D13A00EF5DE8 /* Release */ = {
			isa = XCBuildConfiguration;
			buildSettings = {
				ASSETCATALOG_COMPILER_APPICON_NAME = AppIcon;
				INFOPLIST_FILE = DEPhoneNumberFormatter/Info.plist;
				LD_RUNPATH_SEARCH_PATHS = "$(inherited) @executable_path/Frameworks";
				PRODUCT_BUNDLE_IDENTIFIER = com.golyash.DEPhoneNumberFormatter;
				PRODUCT_NAME = "$(TARGET_NAME)";
				SWIFT_VERSION = 3.0;
			};
			name = Release;
		};
/* End XCBuildConfiguration section */

/* Begin XCConfigurationList section */
		1AFE6BFA1F20D13900EF5DE8 /* Build configuration list for PBXProject "DEPhoneNumberFormatter" */ = {
			isa = XCConfigurationList;
			buildConfigurations = (
				1AFE6C0F1F20D13A00EF5DE8 /* Debug */,
				1AFE6C101F20D13A00EF5DE8 /* Release */,
			);
			defaultConfigurationIsVisible = 0;
			defaultConfigurationName = Release;
		};
		1AFE6C111F20D13A00EF5DE8 /* Build configuration list for PBXNativeTarget "DEPhoneNumberFormatter" */ = {
			isa = XCConfigurationList;
			buildConfigurations = (
				1AFE6C121F20D13A00EF5DE8 /* Debug */,
				1AFE6C131F20D13A00EF5DE8 /* Release */,
			);
			defaultConfigurationIsVisible = 0;
			defaultConfigurationName = Release;
		};
/* End XCConfigurationList section */
	};
	rootObject = 1AFE6BF71F20D13900EF5DE8 /* Project object */;
}
